
Microsoft Visual Studio Solution File, Format Version 12.00
# Visual Studio Version 16
VisualStudioVersion = 16.0.28407.52
MinimumVisualStudioVersion = 10.0.40219.1
Project("{FAE04EC0-301F-11D3-BF4B-00C04F79EFBC}") = "WpfTestMailSender", "WpfTestMailSender.csproj", "{9A6EF0E6-15D8-4818-8659-C8B616884874}"
EndProject
Global
	GlobalSection(SolutionConfigurationPlatforms) = preSolution
		Debug|Any CPU = Debug|Any CPU
		Release|Any CPU = Release|Any CPU
	EndGlobalSection
	GlobalSection(ProjectConfigurationPlatforms) = postSolution
		{9A6EF0E6-15D8-4818-8659-C8B616884874}.Debug|Any CPU.ActiveCfg = Debug|Any CPU
		{9A6EF0E6-15D8-4818-8659-C8B616884874}.Debug|Any CPU.Build.0 = Debug|Any CPU
		{9A6EF0E6-15D8-4818-8659-C8B616884874}.Release|Any CPU.ActiveCfg = Release|Any CPU
		{9A6EF0E6-15D8-4818-8659-C8B616884874}.Release|Any CPU.Build.0 = Release|Any CPU
	EndGlobalSection
	GlobalSection(SolutionProperties) = preSolution
		HideSolutionNode = FALSE
	EndGlobalSection
	GlobalSection(ExtensibilityGlobals) = postSolution
		SolutionGuid = {E6C6BD5A-C647-4827-98F1-2F93C9B884D6}
	EndGlobalSection
EndGlobal
